
Microsoft Visual Studio Solution File, Format Version 12.00
# Visual Studio Version 17
VisualStudioVersion = 17.8.34511.84
MinimumVisualStudioVersion = 10.0.40219.1
Project("{9A19103F-16F7-4668-BE54-9A1E7A4F7556}") = "DictionaryReplacer.Core", "DictionaryReplacer.Core\DictionaryReplacer.Core.csproj", "{C81032B5-D817-4077-B50B-FE52FEC6A38A}"
EndProject
Project("{FAE04EC0-301F-11D3-BF4B-00C04F79EFBC}") = "DictionaryReplacer.Tests", "DictionaryReplacer.Tests\DictionaryReplacer.Tests.csproj", "{13DAE2DC-5F02-47F7-BF42-F69A096B1FD6}"
EndProject
Global
	GlobalSection(SolutionConfigurationPlatforms) = preSolution
		Debug|Any CPU = Debug|Any CPU
		Release|Any CPU = Release|Any CPU
	EndGlobalSection
	GlobalSection(ProjectConfigurationPlatforms) = postSolution
		{C81032B5-D817-4077-B50B-FE52FEC6A38A}.Debug|Any CPU.ActiveCfg = Debug|Any CPU
		{C81032B5-D817-4077-B50B-FE52FEC6A38A}.Debug|Any CPU.Build.0 = Debug|Any CPU
		{C81032B5-D817-4077-B50B-FE52FEC6A38A}.Release|Any CPU.ActiveCfg = Release|Any CPU
		{C81032B5-D817-4077-B50B-FE52FEC6A38A}.Release|Any CPU.Build.0 = Release|Any CPU
		{13DAE2DC-5F02-47F7-BF42-F69A096B1FD6}.Debug|Any CPU.ActiveCfg = Debug|Any CPU
		{13DAE2DC-5F02-47F7-BF42-F69A096B1FD6}.Debug|Any CPU.Build.0 = Debug|Any CPU
		{13DAE2DC-5F02-47F7-BF42-F69A096B1FD6}.Release|Any CPU.ActiveCfg = Release|Any CPU
		{13DAE2DC-5F02-47F7-BF42-F69A096B1FD6}.Release|Any CPU.Build.0 = Release|Any CPU
	EndGlobalSection
	GlobalSection(SolutionProperties) = preSolution
		HideSolutionNode = FALSE
	EndGlobalSection
	GlobalSection(ExtensibilityGlobals) = postSolution
		SolutionGuid = {514A0D0E-BDF9-40A4-ABE9-F79275748B4F}
	EndGlobalSection
EndGlobal
